// !$*UTF8*$!
{
	archiveVersion = 1;
	classes = {
	};
	objectVersion = 56;
	objects = {

/* Begin PBXBuildFile section */
		A1000001229E4A6B00000001 /* SAEMusicLyricsApp.swift in Sources */ = {isa = PBXBuildFile; fileRef = A1000001229E4A6A00000001 /* SAEMusicLyricsApp.swift */; };
		A1000001229E4A6B00000002 /* NowPlayingView.swift in Sources */ = {isa = PBXBuildFile; fileRef = A1000001229E4A6A00000002 /* NowPlayingView.swift */; };
		A1000001229E4A6B00000003 /* LyricsWebView.swift in Sources */ = {isa = PBXBuildFile; fileRef = A1000001229E4A6A00000003 /* LyricsWebView.swift */; };
		A1000001229E4A6B00000004 /* PlaybackControlsView.swift in Sources */ = {isa = PBXBuildFile; fileRef = A1000001229E4A6A00000004 /* PlaybackControlsView.swift */; };
		A1000001229E4A6B00000005 /* NowPlayingViewModel.swift in Sources */ = {isa = PBXBuildFile; fileRef = A1000001229E4A6A00000005 /* NowPlayingViewModel.swift */; };
		A1000001229E4A6B00000006 /* MusicKitService.swift in Sources */ = {isa = PBXBuildFile; fileRef = A1000001229E4A6A00000006 /* MusicKitService.swift */; };
		A1000001229E4A6B00000007 /* WebViewBridge.swift in Sources */ = {isa = PBXBuildFile; fileRef = A1000001229E4A6A00000007 /* WebViewBridge.swift */; };
		A1000001229E4A6B00000008 /* TrackInfo.swift in Sources */ = {isa = PBXBuildFile; fileRef = A1000001229E4A6A00000008 /* TrackInfo.swift */; };
		A1000001229E4A6B00000009 /* Assets.xcassets in Resources */ = {isa = PBXBuildFile; fileRef = A1000001229E4A6A00000009 /* Assets.xcassets */; };
		A1000001229E4A6B00000010 /* MusicProvider.swift in Sources */ = {isa = PBXBuildFile; fileRef = A1000001229E4A6A00000010 /* MusicProvider.swift */; };
		A1000001229E4A6B00000011 /* Track.swift in Sources */ = {isa = PBXBuildFile; fileRef = A1000001229E4A6A00000011 /* Track.swift */; };
		A1000001229E4A6B00000012 /* AppleMusicProvider.swift in Sources */ = {isa = PBXBuildFile; fileRef = A1000001229E4A6A00000012 /* AppleMusicProvider.swift */; };
		A1000001229E4A6B00000013 /* SpotifyConfig.swift in Sources */ = {isa = PBXBuildFile; fileRef = A1000001229E4A6A00000013 /* SpotifyConfig.swift */; };
		A1000001229E4A6B00000014 /* KeychainHelper.swift in Sources */ = {isa = PBXBuildFile; fileRef = A1000001229E4A6A00000014 /* KeychainHelper.swift */; };
		A1000001229E4A6B00000015 /* SpotifyAuthManager.swift in Sources */ = {isa = PBXBuildFile; fileRef = A1000001229E4A6A00000015 /* SpotifyAuthManager.swift */; };
		A1000001229E4A6B00000016 /* SpotifyProvider.swift in Sources */ = {isa = PBXBuildFile; fileRef = A1000001229E4A6A00000016 /* SpotifyProvider.swift */; };
		A1000001229E4A6B00000017 /* SourceSelectorView.swift in Sources */ = {isa = PBXBuildFile; fileRef = A1000001229E4A6A00000017 /* SourceSelectorView.swift */; };
		A1000001229E4A6B00000018 /* SpotifyIndicatorView.swift in Sources */ = {isa = PBXBuildFile; fileRef = A1000001229E4A6A00000018 /* SpotifyIndicatorView.swift */; };
		A1000001229E4A6B00000019 /* LyricsUnavailableView.swift in Sources */ = {isa = PBXBuildFile; fileRef = A1000001229E4A6A00000019 /* LyricsUnavailableView.swift */; };
		A1000001229E4A6B00000020 /* SpotifyConnectView.swift in Sources */ = {isa = PBXBuildFile; fileRef = A1000001229E4A6A00000020 /* SpotifyConnectView.swift */; };
/* End PBXBuildFile section */

/* Begin PBXFileReference section */
		A1000001229E4A6A00000001 /* SAEMusicLyricsApp.swift */ = {isa = PBXFileReference; lastKnownFileType = sourcecode.swift; path = SAEMusicLyricsApp.swift; sourceTree = "<group>"; };
		A1000001229E4A6A00000002 /* NowPlayingView.swift */ = {isa = PBXFileReference; lastKnownFileType = sourcecode.swift; path = NowPlayingView.swift; sourceTree = "<group>"; };
		A1000001229E4A6A00000003 /* LyricsWebView.swift */ = {isa = PBXFileReference; lastKnownFileType = sourcecode.swift; path = LyricsWebView.swift; sourceTree = "<group>"; };
		A1000001229E4A6A00000004 /* PlaybackControlsView.swift */ = {isa = PBXFileReference; lastKnownFileType = sourcecode.swift; path = PlaybackControlsView.swift; sourceTree = "<group>"; };
		A1000001229E4A6A00000005 /* NowPlayingViewModel.swift */ = {isa = PBXFileReference; lastKnownFileType = sourcecode.swift; path = NowPlayingViewModel.swift; sourceTree = "<group>"; };
		A1000001229E4A6A00000006 /* MusicKitService.swift */ = {isa = PBXFileReference; lastKnownFileType = sourcecode.swift; path = MusicKitService.swift; sourceTree = "<group>"; };
		A1000001229E4A6A00000007 /* WebViewBridge.swift */ = {isa = PBXFileReference; lastKnownFileType = sourcecode.swift; path = WebViewBridge.swift; sourceTree = "<group>"; };
		A1000001229E4A6A00000008 /* TrackInfo.swift */ = {isa = PBXFileReference; lastKnownFileType = sourcecode.swift; path = TrackInfo.swift; sourceTree = "<group>"; };
		A1000001229E4A6A00000009 /* Assets.xcassets */ = {isa = PBXFileReference; lastKnownFileType = folder.assetcatalog; path = Assets.xcassets; sourceTree = "<group>"; };
		A1000001229E4A6A0000000A /* Info.plist */ = {isa = PBXFileReference; lastKnownFileType = text.plist.xml; path = Info.plist; sourceTree = "<group>"; };
		A1000001229E4A6A0000000B /* SAEMusicLyrics.entitlements */ = {isa = PBXFileReference; lastKnownFileType = text.plist.entitlements; path = SAEMusicLyrics.entitlements; sourceTree = "<group>"; };
		A1000001229E4A6A0000000C /* SAEMusicLyrics.app */ = {isa = PBXFileReference; explicitFileType = wrapper.application; includeInIndex = 0; path = SAEMusicLyrics.app; sourceTree = BUILT_PRODUCTS_DIR; };
		A1000001229E4A6A00000010 /* MusicProvider.swift */ = {isa = PBXFileReference; lastKnownFileType = sourcecode.swift; path = MusicProvider.swift; sourceTree = "<group>"; };
		A1000001229E4A6A00000011 /* Track.swift */ = {isa = PBXFileReference; lastKnownFileType = sourcecode.swift; path = Track.swift; sourceTree = "<group>"; };
		A1000001229E4A6A00000012 /* AppleMusicProvider.swift */ = {isa = PBXFileReference; lastKnownFileType = sourcecode.swift; path = AppleMusicProvider.swift; sourceTree = "<group>"; };
		A1000001229E4A6A00000013 /* SpotifyConfig.swift */ = {isa = PBXFileReference; lastKnownFileType = sourcecode.swift; path = SpotifyConfig.swift; sourceTree = "<group>"; };
		A1000001229E4A6A00000014 /* KeychainHelper.swift */ = {isa = PBXFileReference; lastKnownFileType = sourcecode.swift; path = KeychainHelper.swift; sourceTree = "<group>"; };
		A1000001229E4A6A00000015 /* SpotifyAuthManager.swift */ = {isa = PBXFileReference; lastKnownFileType = sourcecode.swift; path = SpotifyAuthManager.swift; sourceTree = "<group>"; };
		A1000001229E4A6A00000016 /* SpotifyProvider.swift */ = {isa = PBXFileReference; lastKnownFileType = sourcecode.swift; path = SpotifyProvider.swift; sourceTree = "<group>"; };
		A1000001229E4A6A00000017 /* SourceSelectorView.swift */ = {isa = PBXFileReference; lastKnownFileType = sourcecode.swift; path = SourceSelectorView.swift; sourceTree = "<group>"; };
		A1000001229E4A6A00000018 /* SpotifyIndicatorView.swift */ = {isa = PBXFileReference; lastKnownFileType = sourcecode.swift; path = SpotifyIndicatorView.swift; sourceTree = "<group>"; };
		A1000001229E4A6A00000019 /* LyricsUnavailableView.swift */ = {isa = PBXFileReference; lastKnownFileType = sourcecode.swift; path = LyricsUnavailableView.swift; sourceTree = "<group>"; };
		A1000001229E4A6A00000020 /* SpotifyConnectView.swift */ = {isa = PBXFileReference; lastKnownFileType = sourcecode.swift; path = SpotifyConnectView.swift; sourceTree = "<group>"; };
/* End PBXFileReference section */

/* Begin PBXFrameworksBuildPhase section */
		A1000001229E4A6700000001 /* Frameworks */ = {
			isa = PBXFrameworksBuildPhase;
			buildActionMask = 2147483647;
			files = (
			);
			runOnlyForDeploymentPostprocessing = 0;
		};
/* End PBXFrameworksBuildPhase section */

/* Begin PBXGroup section */
		A1000001229E4A6600000001 = {
			isa = PBXGroup;
			children = (
				A1000001229E4A6600000002 /* SAEMusicLyrics */,
				A1000001229E4A6600000003 /* Products */,
			);
			sourceTree = "<group>";
		};
		A1000001229E4A6600000002 /* SAEMusicLyrics */ = {
			isa = PBXGroup;
			children = (
				A1000001229E4A6600000004 /* App */,
				A1000001229E4A6600000005 /* Views */,
				A1000001229E4A6600000006 /* ViewModels */,
				A1000001229E4A6600000007 /* Services */,
				A1000001229E4A6600000008 /* Models */,
				A1000001229E4A6600000009 /* Protocols */,
				A1000001229E4A6A00000009 /* Assets.xcassets */,
				A1000001229E4A6A0000000A /* Info.plist */,
				A1000001229E4A6A0000000B /* SAEMusicLyrics.entitlements */,
			);
			path = SAEMusicLyrics;
			sourceTree = "<group>";
		};
		A1000001229E4A6600000003 /* Products */ = {
			isa = PBXGroup;
			children = (
				A1000001229E4A6A0000000C /* SAEMusicLyrics.app */,
			);
			name = Products;
			sourceTree = "<group>";
		};
		A1000001229E4A6600000004 /* App */ = {
			isa = PBXGroup;
			children = (
				A1000001229E4A6A00000001 /* SAEMusicLyricsApp.swift */,
			);
			path = App;
			sourceTree = "<group>";
		};
		A1000001229E4A6600000005 /* Views */ = {
			isa = PBXGroup;
			children = (
				A1000001229E4A6A00000002 /* NowPlayingView.swift */,
				A1000001229E4A6A00000003 /* LyricsWebView.swift */,
				A1000001229E4A6A00000004 /* PlaybackControlsView.swift */,
				A1000001229E4A6A00000017 /* SourceSelectorView.swift */,
				A1000001229E4A6A00000018 /* SpotifyIndicatorView.swift */,
				A1000001229E4A6A00000019 /* LyricsUnavailableView.swift */,
				A1000001229E4A6A00000020 /* SpotifyConnectView.swift */,
			);
			path = Views;
			sourceTree = "<group>";
		};
		A1000001229E4A6600000006 /* ViewModels */ = {
			isa = PBXGroup;
			children = (
				A1000001229E4A6A00000005 /* NowPlayingViewModel.swift */,
			);
			path = ViewModels;
			sourceTree = "<group>";
		};
		A1000001229E4A6600000007 /* Services */ = {
			isa = PBXGroup;
			children = (
				A1000001229E4A6A00000006 /* MusicKitService.swift */,
				A1000001229E4A6A00000007 /* WebViewBridge.swift */,
				A1000001229E4A6A00000012 /* AppleMusicProvider.swift */,
				A100000122SPOTIFY0001 /* Spotify */,
			);
			path = Services;
			sourceTree = "<group>";
		};
		A1000001229E4A6600000008 /* Models */ = {
			isa = PBXGroup;
			children = (
				A1000001229E4A6A00000008 /* TrackInfo.swift */,
				A1000001229E4A6A00000011 /* Track.swift */,
			);
			path = Models;
			sourceTree = "<group>";
		};
		A1000001229E4A6600000009 /* Protocols */ = {
			isa = PBXGroup;
			children = (
				A1000001229E4A6A00000010 /* MusicProvider.swift */,
			);
			path = Protocols;
			sourceTree = "<group>";
		};
		A100000122SPOTIFY0001 /* Spotify */ = {
			isa = PBXGroup;
			children = (
				A1000001229E4A6A00000013 /* SpotifyConfig.swift */,
				A1000001229E4A6A00000014 /* KeychainHelper.swift */,
				A1000001229E4A6A00000015 /* SpotifyAuthManager.swift */,
				A1000001229E4A6A00000016 /* SpotifyProvider.swift */,
			);
			path = Spotify;
			sourceTree = "<group>";
		};
/* End PBXGroup section */

/* Begin PBXNativeTarget section */
		A1000001229E4A6800000001 /* SAEMusicLyrics */ = {
			isa = PBXNativeTarget;
			buildConfigurationList = A1000001229E4A6900000003 /* Build configuration list for PBXNativeTarget "SAEMusicLyrics" */;
			buildPhases = (
				A1000001229E4A6700000002 /* Sources */,
				A1000001229E4A6700000001 /* Frameworks */,
				A1000001229E4A6700000003 /* Resources */,
			);
			buildRules = (
			);
			dependencies = (
			);
			name = SAEMusicLyrics;
			productName = SAEMusicLyrics;
			productReference = A1000001229E4A6A0000000C /* SAEMusicLyrics.app */;
			productType = "com.apple.product-type.application";
		};
/* End PBXNativeTarget section */

/* Begin PBXProject section */
		A1000001229E4A6500000001 /* Project object */ = {
			isa = PBXProject;
			attributes = {
				BuildIndependentTargetsInParallel = 1;
				LastSwiftUpdateCheck = 1500;
				LastUpgradeCheck = 1500;
				TargetAttributes = {
					A1000001229E4A6800000001 = {
						CreatedOnToolsVersion = 15.0;
					};
				};
			};
			buildConfigurationList = A1000001229E4A6500000002 /* Build configuration list for PBXProject "SAEMusicLyrics" */;
			compatibilityVersion = "Xcode 14.0";
			developmentRegion = en;
			hasScannedForEncodings = 0;
			knownRegions = (
				en,
				Base,
			);
			mainGroup = A1000001229E4A6600000001;
			productRefGroup = A1000001229E4A6600000003 /* Products */;
			projectDirPath = "";
			projectRoot = "";
			targets = (
				A1000001229E4A6800000001 /* SAEMusicLyrics */,
			);
		};
/* End PBXProject section */

/* Begin PBXResourcesBuildPhase section */
		A1000001229E4A6700000003 /* Resources */ = {
			isa = PBXResourcesBuildPhase;
			buildActionMask = 2147483647;
			files = (
				A1000001229E4A6B00000009 /* Assets.xcassets in Resources */,
			);
			runOnlyForDeploymentPostprocessing = 0;
		};
/* End PBXResourcesBuildPhase section */

/* Begin PBXSourcesBuildPhase section */
		A1000001229E4A6700000002 /* Sources */ = {
			isa = PBXSourcesBuildPhase;
			buildActionMask = 2147483647;
			files = (
				A1000001229E4A6B00000001 /* SAEMusicLyricsApp.swift in Sources */,
				A1000001229E4A6B00000002 /* NowPlayingView.swift in Sources */,
				A1000001229E4A6B00000003 /* LyricsWebView.swift in Sources */,
				A1000001229E4A6B00000004 /* PlaybackControlsView.swift in Sources */,
				A1000001229E4A6B00000005 /* NowPlayingViewModel.swift in Sources */,
				A1000001229E4A6B00000006 /* MusicKitService.swift in Sources */,
				A1000001229E4A6B00000007 /* WebViewBridge.swift in Sources */,
				A1000001229E4A6B00000008 /* TrackInfo.swift in Sources */,
				A1000001229E4A6B00000010 /* MusicProvider.swift in Sources */,
				A1000001229E4A6B00000011 /* Track.swift in Sources */,
				A1000001229E4A6B00000012 /* AppleMusicProvider.swift in Sources */,
				A1000001229E4A6B00000013 /* SpotifyConfig.swift in Sources */,
				A1000001229E4A6B00000014 /* KeychainHelper.swift in Sources */,
				A1000001229E4A6B00000015 /* SpotifyAuthManager.swift in Sources */,
				A1000001229E4A6B00000016 /* SpotifyProvider.swift in Sources */,
				A1000001229E4A6B00000017 /* SourceSelectorView.swift in Sources */,
				A1000001229E4A6B00000018 /* SpotifyIndicatorView.swift in Sources */,
				A1000001229E4A6B00000019 /* LyricsUnavailableView.swift in Sources */,
				A1000001229E4A6B00000020 /* SpotifyConnectView.swift in Sources */,
			);
			runOnlyForDeploymentPostprocessing = 0;
		};
/* End PBXSourcesBuildPhase section */

/* Begin XCBuildConfiguration section */
		A1000001229E4A6900000001 /* Debug */ = {
			isa = XCBuildConfiguration;
			buildSettings = {
				ALWAYS_SEARCH_USER_PATHS = NO;
				ASSETCATALOG_COMPILER_GENERATE_SWIFT_ASSET_SYMBOL_EXTENSIONS = YES;
				CLANG_ANALYZER_NONNULL = YES;
				CLANG_ANALYZER_NUMBER_OBJECT_CONVERSION = YES_AGGRESSIVE;
				CLANG_CXX_LANGUAGE_STANDARD = "gnu++20";
				CLANG_ENABLE_MODULES = YES;
				CLANG_ENABLE_OBJC_ARC = YES;
				CLANG_ENABLE_OBJC_WEAK = YES;
				CLANG_WARN_BLOCK_CAPTURE_AUTORELEASING = YES;
				CLANG_WARN_BOOL_CONVERSION = YES;
				CLANG_WARN_COMMA = YES;
				CLANG_WARN_CONSTANT_CONVERSION = YES;
				CLANG_WARN_DEPRECATED_OBJC_IMPLEMENTATIONS = YES;
				CLANG_WARN_DIRECT_OBJC_ISA_USAGE = YES_ERROR;
				CLANG_WARN_DOCUMENTATION_COMMENTS = YES;
				CLANG_WARN_EMPTY_BODY = YES;
				CLANG_WARN_ENUM_CONVERSION = YES;
				CLANG_WARN_INFINITE_RECURSION = YES;
				CLANG_WARN_INT_CONVERSION = YES;
				CLANG_WARN_NON_LITERAL_NULL_CONVERSION = YES;
				CLANG_WARN_OBJC_IMPLICIT_RETAIN_SELF = YES;
				CLANG_WARN_OBJC_LITERAL_CONVERSION = YES;
				CLANG_WARN_OBJC_ROOT_CLASS = YES_ERROR;
				CLANG_WARN_QUOTED_INCLUDE_IN_FRAMEWORK_HEADER = YES;
				CLANG_WARN_RANGE_LOOP_ANALYSIS = YES;
				CLANG_WARN_STRICT_PROTOTYPES = YES;
				CLANG_WARN_SUSPICIOUS_MOVE = YES;
				CLANG_WARN_UNGUARDED_AVAILABILITY = YES_AGGRESSIVE;
				CLANG_WARN_UNREACHABLE_CODE = YES;
				CLANG_WARN__DUPLICATE_METHOD_MATCH = YES;
				COPY_PHASE_STRIP = NO;
				DEBUG_INFORMATION_FORMAT = dwarf;
				ENABLE_STRICT_OBJC_MSGSEND = YES;
				ENABLE_TESTABILITY = YES;
				ENABLE_USER_SCRIPT_SANDBOXING = YES;
				GCC_C_LANGUAGE_STANDARD = gnu17;
				GCC_DYNAMIC_NO_PIC = NO;
				GCC_NO_COMMON_BLOCKS = YES;
				GCC_OPTIMIZATION_LEVEL = 0;
				GCC_PREPROCESSOR_DEFINITIONS = (
					"DEBUG=1",
					"$(inherited)",
				);
				GCC_WARN_64_TO_32_BIT_CONVERSION = YES;
				GCC_WARN_ABOUT_RETURN_TYPE = YES_ERROR;
				GCC_WARN_UNDECLARED_SELECTOR = YES;
				GCC_WARN_UNINITIALIZED_AUTOS = YES_AGGRESSIVE;
				GCC_WARN_UNUSED_FUNCTION = YES;
				GCC_WARN_UNUSED_VARIABLE = YES;
				IPHONEOS_DEPLOYMENT_TARGET = 17.0;
				LOCALIZATION_PREFERS_STRING_CATALOGS = YES;
				MTL_ENABLE_DEBUG_INFO = INCLUDE_SOURCE;
				MTL_FAST_MATH = YES;
				ONLY_ACTIVE_ARCH = YES;
				SDKROOT = iphoneos;
				SWIFT_ACTIVE_COMPILATION_CONDITIONS = "DEBUG $(inherited)";
				SWIFT_OPTIMIZATION_LEVEL = "-Onone";
			};
			name = Debug;
		};
		A1000001229E4A6900000002 /* Release */ = {
			isa = XCBuildConfiguration;
			buildSettings = {
				ALWAYS_SEARCH_USER_PATHS = NO;
				ASSETCATALOG_COMPILER_GENERATE_SWIFT_ASSET_SYMBOL_EXTENSIONS = YES;
				CLANG_ANALYZER_NONNULL = YES;
				CLANG_ANALYZER_NUMBER_OBJECT_CONVERSION = YES_AGGRESSIVE;
				CLANG_CXX_LANGUAGE_STANDARD = "gnu++20";
				CLANG_ENABLE_MODULES = YES;
				CLANG_ENABLE_OBJC_ARC = YES;
				CLANG_ENABLE_OBJC_WEAK = YES;
				CLANG_WARN_BLOCK_CAPTURE_AUTORELEASING = YES;
				CLANG_WARN_BOOL_CONVERSION = YES;
				CLANG_WARN_COMMA = YES;
				CLANG_WARN_CONSTANT_CONVERSION = YES;
				CLANG_WARN_DEPRECATED_OBJC_IMPLEMENTATIONS = YES;
				CLANG_WARN_DIRECT_OBJC_ISA_USAGE = YES_ERROR;
				CLANG_WARN_DOCUMENTATION_COMMENTS = YES;
				CLANG_WARN_EMPTY_BODY = YES;
				CLANG_WARN_ENUM_CONVERSION = YES;
				CLANG_WARN_INFINITE_RECURSION = YES;
				CLANG_WARN_INT_CONVERSION = YES;
				CLANG_WARN_NON_LITERAL_NULL_CONVERSION = YES;
				CLANG_WARN_OBJC_IMPLICIT_RETAIN_SELF = YES;
				CLANG_WARN_OBJC_LITERAL_CONVERSION = YES;
				CLANG_WARN_OBJC_ROOT_CLASS = YES_ERROR;
				CLANG_WARN_QUOTED_INCLUDE_IN_FRAMEWORK_HEADER = YES;
				CLANG_WARN_RANGE_LOOP_ANALYSIS = YES;
				CLANG_WARN_STRICT_PROTOTYPES = YES;
				CLANG_WARN_SUSPICIOUS_MOVE = YES;
				CLANG_WARN_UNGUARDED_AVAILABILITY = YES_AGGRESSIVE;
				CLANG_WARN_UNREACHABLE_CODE = YES;
				CLANG_WARN__DUPLICATE_METHOD_MATCH = YES;
				COPY_PHASE_STRIP = NO;
				DEBUG_INFORMATION_FORMAT = "dwarf-with-dsym";
				ENABLE_NS_ASSERTIONS = NO;
				ENABLE_STRICT_OBJC_MSGSEND = YES;
				ENABLE_USER_SCRIPT_SANDBOXING = YES;
				GCC_C_LANGUAGE_STANDARD = gnu17;
				GCC_NO_COMMON_BLOCKS = YES;
				GCC_WARN_64_TO_32_BIT_CONVERSION = YES;
				GCC_WARN_ABOUT_RETURN_TYPE = YES_ERROR;
				GCC_WARN_UNDECLARED_SELECTOR = YES;
				GCC_WARN_UNINITIALIZED_AUTOS = YES_AGGRESSIVE;
				GCC_WARN_UNUSED_FUNCTION = YES;
				GCC_WARN_UNUSED_VARIABLE = YES;
				IPHONEOS_DEPLOYMENT_TARGET = 17.0;
				LOCALIZATION_PREFERS_STRING_CATALOGS = YES;
				MTL_ENABLE_DEBUG_INFO = NO;
				MTL_FAST_MATH = YES;
				SDKROOT = iphoneos;
				SWIFT_COMPILATION_MODE = wholemodule;
				VALIDATE_PRODUCT = YES;
			};
			name = Release;
		};
		A1000001229E4A6900000004 /* Debug */ = {
			isa = XCBuildConfiguration;
			buildSettings = {
				ASSETCATALOG_COMPILER_APPICON_NAME = AppIcon;
				ASSETCATALOG_COMPILER_GLOBAL_ACCENT_COLOR_NAME = AccentColor;
				CODE_SIGN_ENTITLEMENTS = SAEMusicLyrics/SAEMusicLyrics.entitlements;
				CODE_SIGN_STYLE = Automatic;
				CURRENT_PROJECT_VERSION = 1;
				DEVELOPMENT_TEAM = "";
				ENABLE_PREVIEWS = YES;
				GENERATE_INFOPLIST_FILE = YES;
				INFOPLIST_FILE = SAEMusicLyrics/Info.plist;
				INFOPLIST_KEY_CFBundleDisplayName = "SAE Music Lyrics";
				INFOPLIST_KEY_UIApplicationSceneManifest_Generation = YES;
				INFOPLIST_KEY_UIApplicationSupportsIndirectInputEvents = YES;
				INFOPLIST_KEY_UILaunchScreen_Generation = YES;
				INFOPLIST_KEY_UISupportedInterfaceOrientations = UIInterfaceOrientationPortrait;
				INFOPLIST_KEY_UISupportedInterfaceOrientations_iPad = "UIInterfaceOrientationLandscapeLeft UIInterfaceOrientationLandscapeRight UIInterfaceOrientationPortrait UIInterfaceOrientationPortraitUpsideDown";
				LD_RUNPATH_SEARCH_PATHS = (
					"$(inherited)",
					"@executable_path/Frameworks",
				);
				MARKETING_VERSION = 1.0;
				PRODUCT_BUNDLE_IDENTIFIER = com.example.SAEMusicLyrics;
				PRODUCT_NAME = "$(TARGET_NAME)";
				SWIFT_EMIT_LOC_STRINGS = YES;
				SWIFT_VERSION = 5.0;
				TARGETED_DEVICE_FAMILY = "1,2";
			};
			name = Debug;
		};
		A1000001229E4A6900000005 /* Release */ = {
			isa = XCBuildConfiguration;
			buildSettings = {
				ASSETCATALOG_COMPILER_APPICON_NAME = AppIcon;
				ASSETCATALOG_COMPILER_GLOBAL_ACCENT_COLOR_NAME = AccentColor;
				CODE_SIGN_ENTITLEMENTS = SAEMusicLyrics/SAEMusicLyrics.entitlements;
				CODE_SIGN_STYLE = Automatic;
				CURRENT_PROJECT_VERSION = 1;
				DEVELOPMENT_TEAM = "";
				ENABLE_PREVIEWS = YES;
				GENERATE_INFOPLIST_FILE = YES;
				INFOPLIST_FILE = SAEMusicLyrics/Info.plist;
				INFOPLIST_KEY_CFBundleDisplayName = "SAE Music Lyrics";
				INFOPLIST_KEY_UIApplicationSceneManifest_Generation = YES;
				INFOPLIST_KEY_UIApplicationSupportsIndirectInputEvents = YES;
				INFOPLIST_KEY_UILaunchScreen_Generation = YES;
				INFOPLIST_KEY_UISupportedInterfaceOrientations = UIInterfaceOrientationPortrait;
				INFOPLIST_KEY_UISupportedInterfaceOrientations_iPad = "UIInterfaceOrientationLandscapeLeft UIInterfaceOrientationLandscapeRight UIInterfaceOrientationPortrait UIInterfaceOrientationPortraitUpsideDown";
				LD_RUNPATH_SEARCH_PATHS = (
					"$(inherited)",
					"@executable_path/Frameworks",
				);
				MARKETING_VERSION = 1.0;
				PRODUCT_BUNDLE_IDENTIFIER = com.example.SAEMusicLyrics;
				PRODUCT_NAME = "$(TARGET_NAME)";
				SWIFT_EMIT_LOC_STRINGS = YES;
				SWIFT_VERSION = 5.0;
				TARGETED_DEVICE_FAMILY = "1,2";
			};
			name = Release;
		};
/* End XCBuildConfiguration section */

/* Begin XCConfigurationList section */
		A1000001229E4A6500000002 /* Build configuration list for PBXProject "SAEMusicLyrics" */ = {
			isa = XCConfigurationList;
			buildConfigurations = (
				A1000001229E4A6900000001 /* Debug */,
				A1000001229E4A6900000002 /* Release */,
			);
			defaultConfigurationIsVisible = 0;
			defaultConfigurationName = Release;
		};
		A1000001229E4A6900000003 /* Build configuration list for PBXNativeTarget "SAEMusicLyrics" */ = {
			isa = XCConfigurationList;
			buildConfigurations = (
				A1000001229E4A6900000004 /* Debug */,
				A1000001229E4A6900000005 /* Release */,
			);
			defaultConfigurationIsVisible = 0;
			defaultConfigurationName = Release;
		};
/* End XCConfigurationList section */
	};
	rootObject = A1000001229E4A6500000001 /* Project object */;
}
